Microsoft Visual Studio Solution File, Format Version 12.00
# Visual Studio Version 17
VisualStudioVersion = 17.5.2.0
MinimumVisualStudioVersion = 10.0.40219.1
Project("{FAE04EC0-301F-11D3-BF4B-00C04F79EFBC}") = "mono-game", "mono-game.csproj", "{AF8EA07A-5FAC-7A1F-4EA9-77FD41E65B10}"
EndProject
Global
	GlobalSection(SolutionConfigurationPlatforms) = preSolution
		Debug|Any CPU = Debug|Any CPU
		Release|Any CPU = Release|Any CPU
	EndGlobalSection
	GlobalSection(ProjectConfigurationPlatforms) = postSolution
		{AF8EA07A-5FAC-7A1F-4EA9-77FD41E65B10}.Debug|Any CPU.ActiveCfg = Debug|Any CPU
		{AF8EA07A-5FAC-7A1F-4EA9-77FD41E65B10}.Debug|Any CPU.Build.0 = Debug|Any CPU
		{AF8EA07A-5FAC-7A1F-4EA9-77FD41E65B10}.Release|Any CPU.ActiveCfg = Release|Any CPU
		{AF8EA07A-5FAC-7A1F-4EA9-77FD41E65B10}.Release|Any CPU.Build.0 = Release|Any CPU
	EndGlobalSection
	GlobalSection(SolutionProperties) = preSolution
		HideSolutionNode = FALSE
	EndGlobalSection
	GlobalSection(ExtensibilityGlobals) = postSolution
		SolutionGuid = {B308D61B-9875-4A66-9A2A-EABA1A66A6FB}
	EndGlobalSection
EndGlobal
